{
  "object": {
    "pins": [
      {
        "package": "CCurl",
        "repositoryURL": "https://github.com/boostcode/CCurl.git",
        "state": {
          "branch": null,
          "revision": "2705725c84c1a8f858199ecc5b7ecd7eba2f6fa6",
          "version": "0.2.4"
        }
      }
    ]
  },
  "version": 1
}
